
Microsoft Visual Studio Solution File, Format Version 12.00
# Visual Studio 15
VisualStudioVersion = 15.0.28307.539
MinimumVisualStudioVersion = 10.0.40219.1
Project("{FAE04EC0-301F-11D3-BF4B-00C04F79EFBC}") = "FunctionsUseful.Fred.Csharp", "FonctionsUtiles.Fred.Csharp\FunctionsUseful.Fred.Csharp.csproj", "{DB97A281-2E4E-4C5C-B7B1-24F7167792D4}"
EndProject
Project("{FAE04EC0-301F-11D3-BF4B-00C04F79EFBC}") = "ConsoleApplicationUsageDemo", "ConsoleApplicationUsageDemo\ConsoleApplicationUsageDemo.csproj", "{0DDF676E-4D88-42ED-8F50-F7262C2B301D}"
EndProject
Project("{FAE04EC0-301F-11D3-BF4B-00C04F79EFBC}") = "MSUnitTestUsefullFunctions", "UnitTestUsefullFunctions\MSUnitTestUsefullFunctions.csproj", "{93931811-4989-4C55-8C8D-596A4158979C}"
EndProject
Project("{FAE04EC0-301F-11D3-BF4B-00C04F79EFBC}") = "CodeGenerationWinForm", "CodeGenerationWinForm\CodeGenerationWinForm.csproj", "{B492FE99-F506-48C7-8D6D-B35C2CDEF668}"
EndProject
Project("{FAE04EC0-301F-11D3-BF4B-00C04F79EFBC}") = "CodeGenerationConsole", "CodeGeneration\CodeGenerationConsole.csproj", "{44B976DD-98E0-41EE-A1B2-EB60C4476A5C}"
EndProject
Project("{FAE04EC0-301F-11D3-BF4B-00C04F79EFBC}") = "MethodSpeedBenchmarks", "MethodSpeedBenchmarks\MethodSpeedBenchmarks.csproj", "{9DC698D6-740F-4420-9605-624995701389}"
EndProject
Project("{FAE04EC0-301F-11D3-BF4B-00C04F79EFBC}") = "FluentAssertionsUnitTests", "FluentAssertionsUnitTests\FluentAssertionsUnitTests.csproj", "{CFD4FA8A-CBE2-4F08-B6CE-ED51B93B2DBA}"
EndProject
Project("{FAE04EC0-301F-11D3-BF4B-00C04F79EFBC}") = "WinFormApplicationUsageDemo", "WinFormApplicationUsageDemo\WinFormApplicationUsageDemo.csproj", "{52356A81-4025-4E07-A0F1-2D9748E1476E}"
EndProject
Project("{FAE04EC0-301F-11D3-BF4B-00C04F79EFBC}") = "XUnitTests", "XUnitTests\XUnitTests.csproj", "{92E97B44-5DD3-4CDC-8468-6A2559E5E71B}"
EndProject
Project("{FAE04EC0-301F-11D3-BF4B-00C04F79EFBC}") = "ConsoleAppPrimesByHundred", "ConsoleAppPrimesByHundred\ConsoleAppPrimesByHundred.csproj", "{EA169A13-ED42-43B8-ADB9-BA1F89070440}"
EndProject
Global
	GlobalSection(SolutionConfigurationPlatforms) = preSolution
		Debug|Any CPU = Debug|Any CPU
		Release|Any CPU = Release|Any CPU
	EndGlobalSection
	GlobalSection(ProjectConfigurationPlatforms) = postSolution
		{DB97A281-2E4E-4C5C-B7B1-24F7167792D4}.Debug|Any CPU.ActiveCfg = Debug|Any CPU
		{DB97A281-2E4E-4C5C-B7B1-24F7167792D4}.Debug|Any CPU.Build.0 = Debug|Any CPU
		{DB97A281-2E4E-4C5C-B7B1-24F7167792D4}.Release|Any CPU.ActiveCfg = Release|Any CPU
		{DB97A281-2E4E-4C5C-B7B1-24F7167792D4}.Release|Any CPU.Build.0 = Release|Any CPU
		{0DDF676E-4D88-42ED-8F50-F7262C2B301D}.Debug|Any CPU.ActiveCfg = Debug|Any CPU
		{0DDF676E-4D88-42ED-8F50-F7262C2B301D}.Debug|Any CPU.Build.0 = Debug|Any CPU
		{0DDF676E-4D88-42ED-8F50-F7262C2B301D}.Release|Any CPU.ActiveCfg = Release|Any CPU
		{0DDF676E-4D88-42ED-8F50-F7262C2B301D}.Release|Any CPU.Build.0 = Release|Any CPU
		{93931811-4989-4C55-8C8D-596A4158979C}.Debug|Any CPU.ActiveCfg = Debug|Any CPU
		{93931811-4989-4C55-8C8D-596A4158979C}.Debug|Any CPU.Build.0 = Debug|Any CPU
		{93931811-4989-4C55-8C8D-596A4158979C}.Release|Any CPU.ActiveCfg = Release|Any CPU
		{93931811-4989-4C55-8C8D-596A4158979C}.Release|Any CPU.Build.0 = Release|Any CPU
		{B492FE99-F506-48C7-8D6D-B35C2CDEF668}.Debug|Any CPU.ActiveCfg = Debug|Any CPU
		{B492FE99-F506-48C7-8D6D-B35C2CDEF668}.Debug|Any CPU.Build.0 = Debug|Any CPU
		{B492FE99-F506-48C7-8D6D-B35C2CDEF668}.Release|Any CPU.ActiveCfg = Release|Any CPU
		{B492FE99-F506-48C7-8D6D-B35C2CDEF668}.Release|Any CPU.Build.0 = Release|Any CPU
		{44B976DD-98E0-41EE-A1B2-EB60C4476A5C}.Debug|Any CPU.ActiveCfg = Debug|Any CPU
		{44B976DD-98E0-41EE-A1B2-EB60C4476A5C}.Debug|Any CPU.Build.0 = Debug|Any CPU
		{44B976DD-98E0-41EE-A1B2-EB60C4476A5C}.Release|Any CPU.ActiveCfg = Release|Any CPU
		{44B976DD-98E0-41EE-A1B2-EB60C4476A5C}.Release|Any CPU.Build.0 = Release|Any CPU
		{9DC698D6-740F-4420-9605-624995701389}.Debug|Any CPU.ActiveCfg = Debug|Any CPU
		{9DC698D6-740F-4420-9605-624995701389}.Debug|Any CPU.Build.0 = Debug|Any CPU
		{9DC698D6-740F-4420-9605-624995701389}.Release|Any CPU.ActiveCfg = Release|Any CPU
		{9DC698D6-740F-4420-9605-624995701389}.Release|Any CPU.Build.0 = Release|Any CPU
		{CFD4FA8A-CBE2-4F08-B6CE-ED51B93B2DBA}.Debug|Any CPU.ActiveCfg = Debug|Any CPU
		{CFD4FA8A-CBE2-4F08-B6CE-ED51B93B2DBA}.Debug|Any CPU.Build.0 = Debug|Any CPU
		{CFD4FA8A-CBE2-4F08-B6CE-ED51B93B2DBA}.Release|Any CPU.ActiveCfg = Release|Any CPU
		{CFD4FA8A-CBE2-4F08-B6CE-ED51B93B2DBA}.Release|Any CPU.Build.0 = Release|Any CPU
		{52356A81-4025-4E07-A0F1-2D9748E1476E}.Debug|Any CPU.ActiveCfg = Debug|Any CPU
		{52356A81-4025-4E07-A0F1-2D9748E1476E}.Debug|Any CPU.Build.0 = Debug|Any CPU
		{52356A81-4025-4E07-A0F1-2D9748E1476E}.Release|Any CPU.ActiveCfg = Release|Any CPU
		{52356A81-4025-4E07-A0F1-2D9748E1476E}.Release|Any CPU.Build.0 = Release|Any CPU
		{92E97B44-5DD3-4CDC-8468-6A2559E5E71B}.Debug|Any CPU.ActiveCfg = Debug|Any CPU
		{92E97B44-5DD3-4CDC-8468-6A2559E5E71B}.Debug|Any CPU.Build.0 = Debug|Any CPU
		{92E97B44-5DD3-4CDC-8468-6A2559E5E71B}.Release|Any CPU.ActiveCfg = Release|Any CPU
		{92E97B44-5DD3-4CDC-8468-6A2559E5E71B}.Release|Any CPU.Build.0 = Release|Any CPU
		{EA169A13-ED42-43B8-ADB9-BA1F89070440}.Debug|Any CPU.ActiveCfg = Debug|Any CPU
		{EA169A13-ED42-43B8-ADB9-BA1F89070440}.Debug|Any CPU.Build.0 = Debug|Any CPU
		{EA169A13-ED42-43B8-ADB9-BA1F89070440}.Release|Any CPU.ActiveCfg = Release|Any CPU
		{EA169A13-ED42-43B8-ADB9-BA1F89070440}.Release|Any CPU.Build.0 = Release|Any CPU
	EndGlobalSection
	GlobalSection(SolutionProperties) = preSolution
		HideSolutionNode = FALSE
	EndGlobalSection
	GlobalSection(ExtensibilityGlobals) = postSolution
		SolutionGuid = {0DC96F60-3D64-4CA3-B385-62922C066474}
	EndGlobalSection
EndGlobal
